
Microsoft Visual Studio Solution File, Format Version 12.00
# Visual Studio 2013
VisualStudioVersion = 12.0.0.0
MinimumVisualStudioVersion = 10.0.0.1
Project("{B519A4B7-1A9F-4208-BC5D-50783DB9F12B}") = "gis-performance-test", "gis-performance-test\gis-performance-test.csproj", "{7C7AB1CD-5350-4CA5-BE19-42FE05188476}"
EndProject
Global
	GlobalSection(SolutionConfigurationPlatforms) = preSolution
		Debug|Any CPU = Debug|Any CPU
		Release|Any CPU = Release|Any CPU
	EndGlobalSection
	GlobalSection(ProjectConfigurationPlatforms) = postSolution
		{7C7AB1CD-5350-4CA5-BE19-42FE05188476}.Debug|Any CPU.ActiveCfg = Debug|Any CPU
		{7C7AB1CD-5350-4CA5-BE19-42FE05188476}.Debug|Any CPU.Build.0 = Debug|Any CPU
		{7C7AB1CD-5350-4CA5-BE19-42FE05188476}.Release|Any CPU.ActiveCfg = Release|Any CPU
		{7C7AB1CD-5350-4CA5-BE19-42FE05188476}.Release|Any CPU.Build.0 = Release|Any CPU
	EndGlobalSection
	GlobalSection(SolutionProperties) = preSolution
		HideSolutionNode = FALSE
	EndGlobalSection
EndGlobal
